// !$*UTF8*$!
{
	archiveVersion = 1;
	classes = {
	};
	objectVersion = 46;
	objects = {

/* Begin PBXBuildFile section */
		866676301C913CDF002B21C8 /* AppDelegate.swift in Sources */ = {isa = PBXBuildFile; fileRef = 8666762F1C913CDF002B21C8 /* AppDelegate.swift */; };
		866676321C913CDF002B21C8 /* MasterViewController.swift in Sources */ = {isa = PBXBuildFile; fileRef = 866676311C913CDF002B21C8 /* MasterViewController.swift */; };
		866676341C913CDF002B21C8 /* DetailViewController.swift in Sources */ = {isa = PBXBuildFile; fileRef = 866676331C913CDF002B21C8 /* DetailViewController.swift */; };
		866676371C913CDF002B21C8 /* Main.storyboard in Resources */ = {isa = PBXBuildFile; fileRef = 866676351C913CDF002B21C8 /* Main.storyboard */; };
		866676391C913CDF002B21C8 /* Assets.xcassets in Resources */ = {isa = PBXBuildFile; fileRef = 866676381C913CDF002B21C8 /* Assets.xcassets */; };
		8666763C1C913CDF002B21C8 /* LaunchScreen.storyboard in Resources */ = {isa = PBXBuildFile; fileRef = 8666763A1C913CDF002B21C8 /* LaunchScreen.storyboard */; };
/* End PBXBuildFile section */

/* Begin PBXFileReference section */
		8666762C1C913CDF002B21C8 /* TalkByZhaozhongZhang.app */ = {isa = PBXFileReference; explicitFileType = wrapper.application; includeInIndex = 0; path = TalkByZhaozhongZhang.app; sourceTree = BUILT_PRODUCTS_DIR; };
		8666762F1C913CDF002B21C8 /* AppDelegate.swift */ = {isa = PBXFileReference; lastKnownFileType = sourcecode.swift; path = AppDelegate.swift; sourceTree = "<group>"; };
		866676311C913CDF002B21C8 /* MasterViewController.swift */ = {isa = PBXFileReference; lastKnownFileType = sourcecode.swift; path = MasterViewController.swift; sourceTree = "<group>"; };
		866676331C913CDF002B21C8 /* DetailViewController.swift */ = {isa = PBXFileReference; lastKnownFileType = sourcecode.swift; path = DetailViewController.swift; sourceTree = "<group>"; };
		866676361C913CDF002B21C8 /* Base */ = {isa = PBXFileReference; lastKnownFileType = file.storyboard; name = Base; path = Base.lproj/Main.storyboard; sourceTree = "<group>"; };
		866676381C913CDF002B21C8 /* Assets.xcassets */ = {isa = PBXFileReference; lastKnownFileType = folder.assetcatalog; path = Assets.xcassets; sourceTree = "<group>"; };
		8666763B1C913CDF002B21C8 /* Base */ = {isa = PBXFileReference; lastKnownFileType = file.storyboard; name = Base; path = Base.lproj/LaunchScreen.storyboard; sourceTree = "<group>"; };
		8666763D1C913CDF002B21C8 /* Info.plist */ = {isa = PBXFileReference; lastKnownFileType = text.plist.xml; path = Info.plist; sourceTree = "<group>"; };
/* End PBXFileReference section */

/* Begin PBXFrameworksBuildPhase section */
		866676291C913CDF002B21C8 /* Frameworks */ = {
			isa = PBXFrameworksBuildPhase;
			buildActionMask = 2147483647;
			files = (
			);
			runOnlyForDeploymentPostprocessing = 0;
		};
/* End PBXFrameworksBuildPhase section */

/* Begin PBXGroup section */
		866676231C913CDF002B21C8 = {
			isa = PBXGroup;
			children = (
				8666762E1C913CDF002B21C8 /* TalkByZhaozhongZhang */,
				8666762D1C913CDF002B21C8 /* Products */,
			);
			sourceTree = "<group>";
		};
		8666762D1C913CDF002B21C8 /* Products */ = {
			isa = PBXGroup;
			children = (
				8666762C1C913CDF002B21C8 /* TalkByZhaozhongZhang.app */,
			);
			name = Products;
			sourceTree = "<group>";
		};
		8666762E1C913CDF002B21C8 /* TalkByZhaozhongZhang */ = {
			isa = PBXGroup;
			children = (
				8666762F1C913CDF002B21C8 /* AppDelegate.swift */,
				866676311C913CDF002B21C8 /* MasterViewController.swift */,
				866676331C913CDF002B21C8 /* DetailViewController.swift */,
				866676351C913CDF002B21C8 /* Main.storyboard */,
				866676381C913CDF002B21C8 /* Assets.xcassets */,
				8666763A1C913CDF002B21C8 /* LaunchScreen.storyboard */,
				8666763D1C913CDF002B21C8 /* Info.plist */,
			);
			path = TalkByZhaozhongZhang;
			sourceTree = "<group>";
		};
/* End PBXGroup section */

/* Begin PBXNativeTarget section */
		8666762B1C913CDF002B21C8 /* TalkByZhaozhongZhang */ = {
			isa = PBXNativeTarget;
			buildConfigurationList = 866676401C913CDF002B21C8 /* Build configuration list for PBXNativeTarget "TalkByZhaozhongZhang" */;
			buildPhases = (
				866676281C913CDF002B21C8 /* Sources */,
				866676291C913CDF002B21C8 /* Frameworks */,
				8666762A1C913CDF002B21C8 /* Resources */,
			);
			buildRules = (
			);
			dependencies = (
			);
			name = TalkByZhaozhongZhang;
			productName = TalkByZhaozhongZhang;
			productReference = 8666762C1C913CDF002B21C8 /* TalkByZhaozhongZhang.app */;
			productType = "com.apple.product-type.application";
		};
/* End PBXNativeTarget section */

/* Begin PBXProject section */
		866676241C913CDF002B21C8 /* Project object */ = {
			isa = PBXProject;
			attributes = {
				LastSwiftUpdateCheck = 0720;
				LastUpgradeCheck = 0720;
				ORGANIZATIONNAME = Gavin;
				TargetAttributes = {
					8666762B1C913CDF002B21C8 = {
						CreatedOnToolsVersion = 7.2.1;
					};
				};
			};
			buildConfigurationList = 866676271C913CDF002B21C8 /* Build configuration list for PBXProject "TalkByZhaozhongZhang" */;
			compatibilityVersion = "Xcode 3.2";
			developmentRegion = English;
			hasScannedForEncodings = 0;
			knownRegions = (
				en,
				Base,
			);
			mainGroup = 866676231C913CDF002B21C8;
			productRefGroup = 8666762D1C913CDF002B21C8 /* Products */;
			projectDirPath = "";
			projectRoot = "";
			targets = (
				8666762B1C913CDF002B21C8 /* TalkByZhaozhongZhang */,
			);
		};
/* End PBXProject section */

/* Begin PBXResourcesBuildPhase section */
		8666762A1C913CDF002B21C8 /* Resources */ = {
			isa = PBXResourcesBuildPhase;
			buildActionMask = 2147483647;
			files = (
				8666763C1C913CDF002B21C8 /* LaunchScreen.storyboard in Resources */,
				866676391C913CDF002B21C8 /* Assets.xcassets in Resources */,
				866676371C913CDF002B21C8 /* Main.storyboard in Resources */,
			);
			runOnlyForDeploymentPostprocessing = 0;
		};
/* End PBXResourcesBuildPhase section */

/* Begin PBXSourcesBuildPhase section */
		866676281C913CDF002B21C8 /* Sources */ = {
			isa = PBXSourcesBuildPhase;
			buildActionMask = 2147483647;
			files = (
				866676341C913CDF002B21C8 /* DetailViewController.swift in Sources */,
				866676321C913CDF002B21C8 /* MasterViewController.swift in Sources */,
				866676301C913CDF002B21C8 /* AppDelegate.swift in Sources */,
			);
			runOnlyForDeploymentPostprocessing = 0;
		};
/* End PBXSourcesBuildPhase section */

/* Begin PBXVariantGroup section */
		866676351C913CDF002B21C8 /* Main.storyboard */ = {
			isa = PBXVariantGroup;
			children = (
				866676361C913CDF002B21C8 /* Base */,
			);
			name = Main.storyboard;
			sourceTree = "<group>";
		};
		8666763A1C913CDF002B21C8 /* LaunchScreen.storyboard */ = {
			isa = PBXVariantGroup;
			children = (
				8666763B1C913CDF002B21C8 /* Base */,
			);
			name = LaunchScreen.storyboard;
			sourceTree = "<group>";
		};
/* End PBXVariantGroup section */

/* Begin XCBuildConfiguration section */
		8666763E1C913CDF002B21C8 /* Debug */ = {
			isa = XCBuildConfiguration;
			buildSettings = {
				ALWAYS_SEARCH_USER_PATHS = NO;
				CLANG_CXX_LANGUAGE_STANDARD = "gnu++0x";
				CLANG_CXX_LIBRARY = "libc++";
				CLANG_ENABLE_MODULES = YES;
				CLANG_ENABLE_OBJC_ARC = YES;
				CLANG_WARN_BOOL_CONVERSION = YES;
				CLANG_WARN_CONSTANT_CONVERSION = YES;
				CLANG_WARN_DIRECT_OBJC_ISA_USAGE = YES_ERROR;
				CLANG_WARN_EMPTY_BODY = YES;
				CLANG_WARN_ENUM_CONVERSION = YES;
				CLANG_WARN_INT_CONVERSION = YES;
				CLANG_WARN_OBJC_ROOT_CLASS = YES_ERROR;
				CLANG_WARN_UNREACHABLE_CODE = YES;
				CLANG_WARN__DUPLICATE_METHOD_MATCH = YES;
				"CODE_SIGN_IDENTITY[sdk=iphoneos*]" = "iPhone Developer";
				COPY_PHASE_STRIP = NO;
				DEBUG_INFORMATION_FORMAT = dwarf;
				ENABLE_STRICT_OBJC_MSGSEND = YES;
				ENABLE_TESTABILITY = YES;
				GCC_C_LANGUAGE_STANDARD = gnu99;
				GCC_DYNAMIC_NO_PIC = NO;
				GCC_NO_COMMON_BLOCKS = YES;
				GCC_OPTIMIZATION_LEVEL = 0;
				GCC_PREPROCESSOR_DEFINITIONS = (
					"DEBUG=1",
					"$(inherited)",
				);
				GCC_WARN_64_TO_32_BIT_CONVERSION = YES;
				GCC_WARN_ABOUT_RETURN_TYPE = YES_ERROR;
				GCC_WARN_UNDECLARED_SELECTOR = YES;
				GCC_WARN_UNINITIALIZED_AUTOS = YES_AGGRESSIVE;
				GCC_WARN_UNUSED_FUNCTION = YES;
				GCC_WARN_UNUSED_VARIABLE = YES;
				IPHONEOS_DEPLOYMENT_TARGET = 9.2;
				MTL_ENABLE_DEBUG_INFO = YES;
				ONLY_ACTIVE_ARCH = YES;
				SDKROOT = iphoneos;
				SWIFT_OPTIMIZATION_LEVEL = "-Onone";
				TARGETED_DEVICE_FAMILY = "1,2";
			};
			name = Debug;
		};
		8666763F1C913CDF002B21C8 /* Release */ = {
			isa = XCBuildConfiguration;
			buildSettings = {
				ALWAYS_SEARCH_USER_PATHS = NO;
				CLANG_CXX_LANGUAGE_STANDARD = "gnu++0x";
				CLANG_CXX_LIBRARY = "libc++";
				CLANG_ENABLE_MODULES = YES;
				CLANG_ENABLE_OBJC_ARC = YES;
				CLANG_WARN_BOOL_CONVERSION = YES;
				CLANG_WARN_CONSTANT_CONVERSION = YES;
				CLANG_WARN_DIRECT_OBJC_ISA_USAGE = YES_ERROR;
				CLANG_WARN_EMPTY_BODY = YES;
				CLANG_WARN_ENUM_CONVERSION = YES;
				CLANG_WARN_INT_CONVERSION = YES;
				CLANG_WARN_OBJC_ROOT_CLASS = YES_ERROR;
				CLANG_WARN_UNREACHABLE_CODE = YES;
				CLANG_WARN__DUPLICATE_METHOD_MATCH = YES;
				"CODE_SIGN_IDENTITY[sdk=iphoneos*]" = "iPhone Developer";
				COPY_PHASE_STRIP = NO;
				DEBUG_INFORMATION_FORMAT = "dwarf-with-dsym";
				ENABLE_NS_ASSERTIONS = NO;
				ENABLE_STRICT_OBJC_MSGSEND = YES;
				GCC_C_LANGUAGE_STANDARD = gnu99;
				GCC_NO_COMMON_BLOCKS = YES;
				GCC_WARN_64_TO_32_BIT_CONVERSION = YES;
				GCC_WARN_ABOUT_RETURN_TYPE = YES_ERROR;
				GCC_WARN_UNDECLARED_SELECTOR = YES;
				GCC_WARN_UNINITIALIZED_AUTOS = YES_AGGRESSIVE;
				GCC_WARN_UNUSED_FUNCTION = YES;
				GCC_WARN_UNUSED_VARIABLE = YES;
				IPHONEOS_DEPLOYMENT_TARGET = 9.2;
				MTL_ENABLE_DEBUG_INFO = NO;
				SDKROOT = iphoneos;
				TARGETED_DEVICE_FAMILY = "1,2";
				VALIDATE_PRODUCT = YES;
			};
			name = Release;
		};
		866676411C913CDF002B21C8 /* Debug */ = {
			isa = XCBuildConfiguration;
			buildSettings = {
				ASSETCATALOG_COMPILER_APPICON_NAME = AppIcon;
				INFOPLIST_FILE = TalkByZhaozhongZhang/Info.plist;
				LD_RUNPATH_SEARCH_PATHS = "$(inherited) @executable_path/Frameworks";
				PRODUCT_BUNDLE_IDENTIFIER = com.gavin.TalkByZhaozhongZhang;
				PRODUCT_NAME = "$(TARGET_NAME)";
			};
			name = Debug;
		};
		866676421C913CDF002B21C8 /* Release */ = {
			isa = XCBuildConfiguration;
			buildSettings = {
				ASSETCATALOG_COMPILER_APPICON_NAME = AppIcon;
				INFOPLIST_FILE = TalkByZhaozhongZhang/Info.plist;
				LD_RUNPATH_SEARCH_PATHS = "$(inherited) @executable_path/Frameworks";
				PRODUCT_BUNDLE_IDENTIFIER = com.gavin.TalkByZhaozhongZhang;
				PRODUCT_NAME = "$(TARGET_NAME)";
			};
			name = Release;
		};
/* End XCBuildConfiguration section */

/* Begin XCConfigurationList section */
		866676271C913CDF002B21C8 /* Build configuration list for PBXProject "TalkByZhaozhongZhang" */ = {
			isa = XCConfigurationList;
			buildConfigurations = (
				8666763E1C913CDF002B21C8 /* Debug */,
				8666763F1C913CDF002B21C8 /* Release */,
			);
			defaultConfigurationIsVisible = 0;
			defaultConfigurationName = Release;
		};
		866676401C913CDF002B21C8 /* Build configuration list for PBXNativeTarget "TalkByZhaozhongZhang" */ = {
			isa = XCConfigurationList;
			buildConfigurations = (
				866676411C913CDF002B21C8 /* Debug */,
				866676421C913CDF002B21C8 /* Release */,
			);
			defaultConfigurationIsVisible = 0;
		};
/* End XCConfigurationList section */
	};
	rootObject = 866676241C913CDF002B21C8 /* Project object */;
}
